
Microsoft Visual Studio Solution File, Format Version 12.00
# Visual Studio Version 17
VisualStudioVersion = 17.4.33110.190
MinimumVisualStudioVersion = 10.0.40219.1
Project("{9A19103F-16F7-4668-BE54-9A1E7A4F7556}") = "FitnessTrackMono.Server", "Server\FitnessTrackMono.Server.csproj", "{8ADFA1AB-F0F2-41CF-AB54-AA3C9B5927BD}"
EndProject
Project("{9A19103F-16F7-4668-BE54-9A1E7A4F7556}") = "FitnessTrackMono.Client", "Client\FitnessTrackMono.Client.csproj", "{307B7C66-ABD1-40C4-B80F-731904A0F84A}"
EndProject
Project("{9A19103F-16F7-4668-BE54-9A1E7A4F7556}") = "FitnessTrackMono.Shared", "Shared\FitnessTrackMono.Shared.csproj", "{9B8FCA5C-8B75-4BD3-89A8-2B07591B6EE9}"
EndProject
Global
	GlobalSection(SolutionConfigurationPlatforms) = preSolution
		Debug|Any CPU = Debug|Any CPU
		Release|Any CPU = Release|Any CPU
	EndGlobalSection
	GlobalSection(ProjectConfigurationPlatforms) = postSolution
		{8ADFA1AB-F0F2-41CF-AB54-AA3C9B5927BD}.Debug|Any CPU.ActiveCfg = Debug|Any CPU
		{8ADFA1AB-F0F2-41CF-AB54-AA3C9B5927BD}.Debug|Any CPU.Build.0 = Debug|Any CPU
		{8ADFA1AB-F0F2-41CF-AB54-AA3C9B5927BD}.Release|Any CPU.ActiveCfg = Release|Any CPU
		{8ADFA1AB-F0F2-41CF-AB54-AA3C9B5927BD}.Release|Any CPU.Build.0 = Release|Any CPU
		{307B7C66-ABD1-40C4-B80F-731904A0F84A}.Debug|Any CPU.ActiveCfg = Debug|Any CPU
		{307B7C66-ABD1-40C4-B80F-731904A0F84A}.Debug|Any CPU.Build.0 = Debug|Any CPU
		{307B7C66-ABD1-40C4-B80F-731904A0F84A}.Release|Any CPU.ActiveCfg = Release|Any CPU
		{307B7C66-ABD1-40C4-B80F-731904A0F84A}.Release|Any CPU.Build.0 = Release|Any CPU
		{9B8FCA5C-8B75-4BD3-89A8-2B07591B6EE9}.Debug|Any CPU.ActiveCfg = Debug|Any CPU
		{9B8FCA5C-8B75-4BD3-89A8-2B07591B6EE9}.Debug|Any CPU.Build.0 = Debug|Any CPU
		{9B8FCA5C-8B75-4BD3-89A8-2B07591B6EE9}.Release|Any CPU.ActiveCfg = Release|Any CPU
		{9B8FCA5C-8B75-4BD3-89A8-2B07591B6EE9}.Release|Any CPU.Build.0 = Release|Any CPU
	EndGlobalSection
	GlobalSection(SolutionProperties) = preSolution
		HideSolutionNode = FALSE
	EndGlobalSection
	GlobalSection(ExtensibilityGlobals) = postSolution
		SolutionGuid = {54A79ABC-411A-48DC-AFDA-4A28DE036A63}
	EndGlobalSection
EndGlobal
